
Microsoft Visual Studio Solution File, Format Version 12.00
# Visual Studio 15
VisualStudioVersion = 15.0.28010.2003
MinimumVisualStudioVersion = 10.0.40219.1
Project("{9A19103F-16F7-4668-BE54-9A1E7A4F7556}") = "Zoro", "Zoro\Zoro.csproj", "{EBC5BE55-3FB4-4D85-AD7E-C229D72A172F}"
EndProject
Project("{9A19103F-16F7-4668-BE54-9A1E7A4F7556}") = "Zoro-Cli", "..\Zoro-Cli\zoro-cli\Zoro-Cli.csproj", "{1579B4C0-999A-4E12-A1F1-8F90756EC948}"
EndProject
Project("{9A19103F-16F7-4668-BE54-9A1E7A4F7556}") = "Cowboy.Sockets", "..\CowboyLib\Cowboy.Sockets\Cowboy.Sockets.csproj", "{721C3AE6-562A-4E87-B0F5-4E73EE6A63D0}"
EndProject
Project("{9A19103F-16F7-4668-BE54-9A1E7A4F7556}") = "Logrila.Logging", "..\CowboyLib\Logrila.Logging\Logrila.Logging.csproj", "{A1BC1A5B-CD35-4F50-A7E1-3F7FF018F6ED}"
EndProject
Project("{9A19103F-16F7-4668-BE54-9A1E7A4F7556}") = "SimplePolicy", "..\Zoro-Plugins\SimplePolicy\SimplePolicy.csproj", "{4600B8C0-4B60-4D3A-B790-80D595ED3D86}"
EndProject
Project("{2150E333-8FDC-42A3-9474-1A3956D46DE8}") = "Zoro-Plugins", "Zoro-Plugins", "{0E06C9FB-1A05-4DF9-A89D-8583FEDD1B8F}"
EndProject
Project("{9A19103F-16F7-4668-BE54-9A1E7A4F7556}") = "ApplicationLogs", "..\Zoro-Plugins\ApplicationLogs\ApplicationLogs.csproj", "{F4CE360E-8B47-4059-BBE4-9FF00DAFEE31}"
EndProject
Project("{9A19103F-16F7-4668-BE54-9A1E7A4F7556}") = "RpcAgent", "..\Zoro-Plugins\RpcAgent\RpcAgent.csproj", "{91CCD157-0B70-42FD-8526-E099FECB5C4A}"
EndProject
Project("{2150E333-8FDC-42A3-9474-1A3956D46DE8}") = "Cowboy-Libs", "Cowboy-Libs", "{8E9B6EB2-8AC7-4845-8D31-67BB30633AD5}"
EndProject
Project("{2150E333-8FDC-42A3-9474-1A3956D46DE8}") = "Zoro-Projects", "Zoro-Projects", "{8C2F9054-594B-44D2-86EF-0B0DF62C428F}"
EndProject
Project("{9A19103F-16F7-4668-BE54-9A1E7A4F7556}") = "Zoro-RpcHost", "..\Zoro-RpcHost\Zoro-RpcHost.csproj", "{DDF1D3A4-B740-4784-B040-18EF9A0167D0}"
EndProject
Project("{9A19103F-16F7-4668-BE54-9A1E7A4F7556}") = "StressTesting", "..\Zoro-Plugins\StressTesting\StressTesting.csproj", "{1D7ED08A-5133-44FC-9DC7-C6F2F6E04E52}"
EndProject
Global
	GlobalSection(SolutionConfigurationPlatforms) = preSolution
		Debug|Any CPU = Debug|Any CPU
		Release|Any CPU = Release|Any CPU
	EndGlobalSection
	GlobalSection(ProjectConfigurationPlatforms) = postSolution
		{EBC5BE55-3FB4-4D85-AD7E-C229D72A172F}.Debug|Any CPU.ActiveCfg = Debug|Any CPU
		{EBC5BE55-3FB4-4D85-AD7E-C229D72A172F}.Debug|Any CPU.Build.0 = Debug|Any CPU
		{EBC5BE55-3FB4-4D85-AD7E-C229D72A172F}.Release|Any CPU.ActiveCfg = Release|Any CPU
		{EBC5BE55-3FB4-4D85-AD7E-C229D72A172F}.Release|Any CPU.Build.0 = Release|Any CPU
		{1579B4C0-999A-4E12-A1F1-8F90756EC948}.Debug|Any CPU.ActiveCfg = Debug|Any CPU
		{1579B4C0-999A-4E12-A1F1-8F90756EC948}.Debug|Any CPU.Build.0 = Debug|Any CPU
		{1579B4C0-999A-4E12-A1F1-8F90756EC948}.Release|Any CPU.ActiveCfg = Release|Any CPU
		{1579B4C0-999A-4E12-A1F1-8F90756EC948}.Release|Any CPU.Build.0 = Release|Any CPU
		{721C3AE6-562A-4E87-B0F5-4E73EE6A63D0}.Debug|Any CPU.ActiveCfg = Debug|Any CPU
		{721C3AE6-562A-4E87-B0F5-4E73EE6A63D0}.Debug|Any CPU.Build.0 = Debug|Any CPU
		{721C3AE6-562A-4E87-B0F5-4E73EE6A63D0}.Release|Any CPU.ActiveCfg = Release|Any CPU
		{721C3AE6-562A-4E87-B0F5-4E73EE6A63D0}.Release|Any CPU.Build.0 = Release|Any CPU
		{A1BC1A5B-CD35-4F50-A7E1-3F7FF018F6ED}.Debug|Any CPU.ActiveCfg = Debug|Any CPU
		{A1BC1A5B-CD35-4F50-A7E1-3F7FF018F6ED}.Debug|Any CPU.Build.0 = Debug|Any CPU
		{A1BC1A5B-CD35-4F50-A7E1-3F7FF018F6ED}.Release|Any CPU.ActiveCfg = Release|Any CPU
		{A1BC1A5B-CD35-4F50-A7E1-3F7FF018F6ED}.Release|Any CPU.Build.0 = Release|Any CPU
		{4600B8C0-4B60-4D3A-B790-80D595ED3D86}.Debug|Any CPU.ActiveCfg = Debug|Any CPU
		{4600B8C0-4B60-4D3A-B790-80D595ED3D86}.Debug|Any CPU.Build.0 = Debug|Any CPU
		{4600B8C0-4B60-4D3A-B790-80D595ED3D86}.Release|Any CPU.ActiveCfg = Release|Any CPU
		{4600B8C0-4B60-4D3A-B790-80D595ED3D86}.Release|Any CPU.Build.0 = Release|Any CPU
		{F4CE360E-8B47-4059-BBE4-9FF00DAFEE31}.Debug|Any CPU.ActiveCfg = Debug|Any CPU
		{F4CE360E-8B47-4059-BBE4-9FF00DAFEE31}.Debug|Any CPU.Build.0 = Debug|Any CPU
		{F4CE360E-8B47-4059-BBE4-9FF00DAFEE31}.Release|Any CPU.ActiveCfg = Release|Any CPU
		{F4CE360E-8B47-4059-BBE4-9FF00DAFEE31}.Release|Any CPU.Build.0 = Release|Any CPU
		{91CCD157-0B70-42FD-8526-E099FECB5C4A}.Debug|Any CPU.ActiveCfg = Debug|Any CPU
		{91CCD157-0B70-42FD-8526-E099FECB5C4A}.Debug|Any CPU.Build.0 = Debug|Any CPU
		{91CCD157-0B70-42FD-8526-E099FECB5C4A}.Release|Any CPU.ActiveCfg = Release|Any CPU
		{91CCD157-0B70-42FD-8526-E099FECB5C4A}.Release|Any CPU.Build.0 = Release|Any CPU
		{DDF1D3A4-B740-4784-B040-18EF9A0167D0}.Debug|Any CPU.ActiveCfg = Debug|Any CPU
		{DDF1D3A4-B740-4784-B040-18EF9A0167D0}.Debug|Any CPU.Build.0 = Debug|Any CPU
		{DDF1D3A4-B740-4784-B040-18EF9A0167D0}.Release|Any CPU.ActiveCfg = Release|Any CPU
		{DDF1D3A4-B740-4784-B040-18EF9A0167D0}.Release|Any CPU.Build.0 = Release|Any CPU
		{1D7ED08A-5133-44FC-9DC7-C6F2F6E04E52}.Debug|Any CPU.ActiveCfg = Debug|Any CPU
		{1D7ED08A-5133-44FC-9DC7-C6F2F6E04E52}.Debug|Any CPU.Build.0 = Debug|Any CPU
		{1D7ED08A-5133-44FC-9DC7-C6F2F6E04E52}.Release|Any CPU.ActiveCfg = Release|Any CPU
		{1D7ED08A-5133-44FC-9DC7-C6F2F6E04E52}.Release|Any CPU.Build.0 = Release|Any CPU
	EndGlobalSection
	GlobalSection(SolutionProperties) = preSolution
		HideSolutionNode = FALSE
	EndGlobalSection
	GlobalSection(NestedProjects) = preSolution
		{EBC5BE55-3FB4-4D85-AD7E-C229D72A172F} = {8C2F9054-594B-44D2-86EF-0B0DF62C428F}
		{1579B4C0-999A-4E12-A1F1-8F90756EC948} = {8C2F9054-594B-44D2-86EF-0B0DF62C428F}
		{721C3AE6-562A-4E87-B0F5-4E73EE6A63D0} = {8E9B6EB2-8AC7-4845-8D31-67BB30633AD5}
		{A1BC1A5B-CD35-4F50-A7E1-3F7FF018F6ED} = {8E9B6EB2-8AC7-4845-8D31-67BB30633AD5}
		{4600B8C0-4B60-4D3A-B790-80D595ED3D86} = {0E06C9FB-1A05-4DF9-A89D-8583FEDD1B8F}
		{F4CE360E-8B47-4059-BBE4-9FF00DAFEE31} = {0E06C9FB-1A05-4DF9-A89D-8583FEDD1B8F}
		{91CCD157-0B70-42FD-8526-E099FECB5C4A} = {0E06C9FB-1A05-4DF9-A89D-8583FEDD1B8F}
		{DDF1D3A4-B740-4784-B040-18EF9A0167D0} = {8C2F9054-594B-44D2-86EF-0B0DF62C428F}
		{1D7ED08A-5133-44FC-9DC7-C6F2F6E04E52} = {0E06C9FB-1A05-4DF9-A89D-8583FEDD1B8F}
	EndGlobalSection
	GlobalSection(ExtensibilityGlobals) = postSolution
		SolutionGuid = {7C695419-F2D2-4319-9191-334B87B08634}
	EndGlobalSection
EndGlobal
