
Microsoft Visual Studio Solution File, Format Version 12.00
# Visual Studio 15
VisualStudioVersion = 15.0.27004.2010
MinimumVisualStudioVersion = 10.0.40219.1
Project("{9A19103F-16F7-4668-BE54-9A1E7A4F7556}") = "zoro.one", "zoro.one\zoro.one.csproj", "{BC2D63CB-6860-4D25-B5EC-21F1DAF904F2}"
EndProject
Project("{FAE04EC0-301F-11D3-BF4B-00C04F79EFBC}") = "zoro.one.db", "zoro.one.db\zoro.one.db.csproj", "{8B62CD1D-DBD6-4FE0-B8D7-6A4A11636667}"
EndProject
Project("{9A19103F-16F7-4668-BE54-9A1E7A4F7556}") = "zoro.one.chain", "zoro.one.chain\zoro.one.chain.csproj", "{86F955DB-2F99-4D58-9335-25FE21DB3A50}"
EndProject
Global
	GlobalSection(SolutionConfigurationPlatforms) = preSolution
		Debug|Any CPU = Debug|Any CPU
		Release|Any CPU = Release|Any CPU
	EndGlobalSection
	GlobalSection(ProjectConfigurationPlatforms) = postSolution
		{BC2D63CB-6860-4D25-B5EC-21F1DAF904F2}.Debug|Any CPU.ActiveCfg = Debug|Any CPU
		{BC2D63CB-6860-4D25-B5EC-21F1DAF904F2}.Debug|Any CPU.Build.0 = Debug|Any CPU
		{BC2D63CB-6860-4D25-B5EC-21F1DAF904F2}.Release|Any CPU.ActiveCfg = Release|Any CPU
		{BC2D63CB-6860-4D25-B5EC-21F1DAF904F2}.Release|Any CPU.Build.0 = Release|Any CPU
		{8B62CD1D-DBD6-4FE0-B8D7-6A4A11636667}.Debug|Any CPU.ActiveCfg = Debug|Any CPU
		{8B62CD1D-DBD6-4FE0-B8D7-6A4A11636667}.Debug|Any CPU.Build.0 = Debug|Any CPU
		{8B62CD1D-DBD6-4FE0-B8D7-6A4A11636667}.Release|Any CPU.ActiveCfg = Release|Any CPU
		{8B62CD1D-DBD6-4FE0-B8D7-6A4A11636667}.Release|Any CPU.Build.0 = Release|Any CPU
		{86F955DB-2F99-4D58-9335-25FE21DB3A50}.Debug|Any CPU.ActiveCfg = Debug|Any CPU
		{86F955DB-2F99-4D58-9335-25FE21DB3A50}.Debug|Any CPU.Build.0 = Debug|Any CPU
		{86F955DB-2F99-4D58-9335-25FE21DB3A50}.Release|Any CPU.ActiveCfg = Release|Any CPU
		{86F955DB-2F99-4D58-9335-25FE21DB3A50}.Release|Any CPU.Build.0 = Release|Any CPU
	EndGlobalSection
	GlobalSection(SolutionProperties) = preSolution
		HideSolutionNode = FALSE
	EndGlobalSection
	GlobalSection(ExtensibilityGlobals) = postSolution
		SolutionGuid = {5E91DD50-6862-4E82-A760-4C67C8C1A9B8}
	EndGlobalSection
EndGlobal
