
Microsoft Visual Studio Solution File, Format Version 12.00
# Visual Studio 15
VisualStudioVersion = 15.0.28010.2003
MinimumVisualStudioVersion = 10.0.40219.1
Project("{9A19103F-16F7-4668-BE54-9A1E7A4F7556}") = "Zoro", "Zoro\Zoro.csproj", "{EBC5BE55-3FB4-4D85-AD7E-C229D72A172F}"
EndProject
Project("{9A19103F-16F7-4668-BE54-9A1E7A4F7556}") = "Zoro-Cli", "..\Zoro-Cli\zoro-cli\Zoro-Cli.csproj", "{1579B4C0-999A-4E12-A1F1-8F90756EC948}"
EndProject
Project("{9A19103F-16F7-4668-BE54-9A1E7A4F7556}") = "Cowboy.Sockets", "..\CowboyLib\Cowboy.Sockets\Cowboy.Sockets.csproj", "{721C3AE6-562A-4E87-B0F5-4E73EE6A63D0}"
EndProject
Project("{9A19103F-16F7-4668-BE54-9A1E7A4F7556}") = "Logrila.Logging", "..\CowboyLib\Logrila.Logging\Logrila.Logging.csproj", "{A1BC1A5B-CD35-4F50-A7E1-3F7FF018F6ED}"
EndProject
Project("{9A19103F-16F7-4668-BE54-9A1E7A4F7556}") = "SimplePolicy", "..\Zoro-Plugins\SimplePolicy\SimplePolicy.csproj", "{4600B8C0-4B60-4D3A-B790-80D595ED3D86}"
EndProject
Project("{9A19103F-16F7-4668-BE54-9A1E7A4F7556}") = "AppChainPlugin", "..\Zoro-Plugins\AppChainPlugin\AppChainPlugin.csproj", "{DBCDB0A1-CE16-49F9-927C-0D0872543F59}"
EndProject
Global
	GlobalSection(SolutionConfigurationPlatforms) = preSolution
		Debug|Any CPU = Debug|Any CPU
		Release|Any CPU = Release|Any CPU
	EndGlobalSection
	GlobalSection(ProjectConfigurationPlatforms) = postSolution
		{EBC5BE55-3FB4-4D85-AD7E-C229D72A172F}.Debug|Any CPU.ActiveCfg = Debug|Any CPU
		{EBC5BE55-3FB4-4D85-AD7E-C229D72A172F}.Debug|Any CPU.Build.0 = Debug|Any CPU
		{EBC5BE55-3FB4-4D85-AD7E-C229D72A172F}.Release|Any CPU.ActiveCfg = Release|Any CPU
		{EBC5BE55-3FB4-4D85-AD7E-C229D72A172F}.Release|Any CPU.Build.0 = Release|Any CPU
		{1579B4C0-999A-4E12-A1F1-8F90756EC948}.Debug|Any CPU.ActiveCfg = Debug|Any CPU
		{1579B4C0-999A-4E12-A1F1-8F90756EC948}.Debug|Any CPU.Build.0 = Debug|Any CPU
		{1579B4C0-999A-4E12-A1F1-8F90756EC948}.Release|Any CPU.ActiveCfg = Release|Any CPU
		{1579B4C0-999A-4E12-A1F1-8F90756EC948}.Release|Any CPU.Build.0 = Release|Any CPU
		{721C3AE6-562A-4E87-B0F5-4E73EE6A63D0}.Debug|Any CPU.ActiveCfg = Debug|Any CPU
		{721C3AE6-562A-4E87-B0F5-4E73EE6A63D0}.Debug|Any CPU.Build.0 = Debug|Any CPU
		{721C3AE6-562A-4E87-B0F5-4E73EE6A63D0}.Release|Any CPU.ActiveCfg = Release|Any CPU
		{721C3AE6-562A-4E87-B0F5-4E73EE6A63D0}.Release|Any CPU.Build.0 = Release|Any CPU
		{A1BC1A5B-CD35-4F50-A7E1-3F7FF018F6ED}.Debug|Any CPU.ActiveCfg = Debug|Any CPU
		{A1BC1A5B-CD35-4F50-A7E1-3F7FF018F6ED}.Debug|Any CPU.Build.0 = Debug|Any CPU
		{A1BC1A5B-CD35-4F50-A7E1-3F7FF018F6ED}.Release|Any CPU.ActiveCfg = Release|Any CPU
		{A1BC1A5B-CD35-4F50-A7E1-3F7FF018F6ED}.Release|Any CPU.Build.0 = Release|Any CPU
		{4600B8C0-4B60-4D3A-B790-80D595ED3D86}.Debug|Any CPU.ActiveCfg = Debug|Any CPU
		{4600B8C0-4B60-4D3A-B790-80D595ED3D86}.Debug|Any CPU.Build.0 = Debug|Any CPU
		{4600B8C0-4B60-4D3A-B790-80D595ED3D86}.Release|Any CPU.ActiveCfg = Release|Any CPU
		{4600B8C0-4B60-4D3A-B790-80D595ED3D86}.Release|Any CPU.Build.0 = Release|Any CPU
		{DBCDB0A1-CE16-49F9-927C-0D0872543F59}.Debug|Any CPU.ActiveCfg = Debug|Any CPU
		{DBCDB0A1-CE16-49F9-927C-0D0872543F59}.Debug|Any CPU.Build.0 = Debug|Any CPU
		{DBCDB0A1-CE16-49F9-927C-0D0872543F59}.Release|Any CPU.ActiveCfg = Release|Any CPU
		{DBCDB0A1-CE16-49F9-927C-0D0872543F59}.Release|Any CPU.Build.0 = Release|Any CPU
	EndGlobalSection
	GlobalSection(SolutionProperties) = preSolution
		HideSolutionNode = FALSE
	EndGlobalSection
	GlobalSection(ExtensibilityGlobals) = postSolution
		SolutionGuid = {7C695419-F2D2-4319-9191-334B87B08634}
	EndGlobalSection
EndGlobal
